
Microsoft Visual Studio Solution File, Format Version 12.00
# Visual Studio Version 16
VisualStudioVersion = 16.0.30907.101
MinimumVisualStudioVersion = 10.0.40219.1
Project("{2150E333-8FDC-42A3-9474-1A3956D46DE8}") = "API", "API", "{B88BF59D-97DF-4E64-B1C0-5CFDA013A1A2}"
EndProject
Project("{2150E333-8FDC-42A3-9474-1A3956D46DE8}") = "Models", "Models", "{4FAD6FE8-690D-458D-81F7-471C11FA038B}"
EndProject
Project("{2150E333-8FDC-42A3-9474-1A3956D46DE8}") = "Services", "Services", "{A7C82F25-C746-4790-A99F-06028A5D3F63}"
EndProject
Project("{9A19103F-16F7-4668-BE54-9A1E7A4F7556}") = "Sports.API", "Sports.API\Sports.API.csproj", "{10648DB9-E314-413B-A132-0CDF738E5E0D}"
EndProject
Project("{9A19103F-16F7-4668-BE54-9A1E7A4F7556}") = "Entities", "Entities\Entities.csproj", "{21FC64AB-CDB3-4C23-89F4-A6AF8A247BBF}"
EndProject
Project("{9A19103F-16F7-4668-BE54-9A1E7A4F7556}") = "DataAccess", "DataAccess\DataAccess.csproj", "{4C794ACD-1BA8-42E1-95F9-F531E7D32626}"
EndProject
Project("{2150E333-8FDC-42A3-9474-1A3956D46DE8}") = "Test", "Test", "{EFA8DE1F-9011-4DC4-8B22-EC094F86E94B}"
EndProject
Project("{FAE04EC0-301F-11D3-BF4B-00C04F79EFBC}") = "Sports.Test", "Sports.Test\Sports.Test.csproj", "{7AF55B89-0877-4450-ABB2-916AA1F8C2CC}"
EndProject
Global
	GlobalSection(SolutionConfigurationPlatforms) = preSolution
		Debug|Any CPU = Debug|Any CPU
		Release|Any CPU = Release|Any CPU
	EndGlobalSection
	GlobalSection(ProjectConfigurationPlatforms) = postSolution
		{10648DB9-E314-413B-A132-0CDF738E5E0D}.Debug|Any CPU.ActiveCfg = Debug|Any CPU
		{10648DB9-E314-413B-A132-0CDF738E5E0D}.Debug|Any CPU.Build.0 = Debug|Any CPU
		{10648DB9-E314-413B-A132-0CDF738E5E0D}.Release|Any CPU.ActiveCfg = Release|Any CPU
		{10648DB9-E314-413B-A132-0CDF738E5E0D}.Release|Any CPU.Build.0 = Release|Any CPU
		{21FC64AB-CDB3-4C23-89F4-A6AF8A247BBF}.Debug|Any CPU.ActiveCfg = Debug|Any CPU
		{21FC64AB-CDB3-4C23-89F4-A6AF8A247BBF}.Debug|Any CPU.Build.0 = Debug|Any CPU
		{21FC64AB-CDB3-4C23-89F4-A6AF8A247BBF}.Release|Any CPU.ActiveCfg = Release|Any CPU
		{21FC64AB-CDB3-4C23-89F4-A6AF8A247BBF}.Release|Any CPU.Build.0 = Release|Any CPU
		{4C794ACD-1BA8-42E1-95F9-F531E7D32626}.Debug|Any CPU.ActiveCfg = Debug|Any CPU
		{4C794ACD-1BA8-42E1-95F9-F531E7D32626}.Debug|Any CPU.Build.0 = Debug|Any CPU
		{4C794ACD-1BA8-42E1-95F9-F531E7D32626}.Release|Any CPU.ActiveCfg = Release|Any CPU
		{4C794ACD-1BA8-42E1-95F9-F531E7D32626}.Release|Any CPU.Build.0 = Release|Any CPU
		{7AF55B89-0877-4450-ABB2-916AA1F8C2CC}.Debug|Any CPU.ActiveCfg = Debug|Any CPU
		{7AF55B89-0877-4450-ABB2-916AA1F8C2CC}.Debug|Any CPU.Build.0 = Debug|Any CPU
		{7AF55B89-0877-4450-ABB2-916AA1F8C2CC}.Release|Any CPU.ActiveCfg = Release|Any CPU
		{7AF55B89-0877-4450-ABB2-916AA1F8C2CC}.Release|Any CPU.Build.0 = Release|Any CPU
	EndGlobalSection
	GlobalSection(SolutionProperties) = preSolution
		HideSolutionNode = FALSE
	EndGlobalSection
	GlobalSection(NestedProjects) = preSolution
		{10648DB9-E314-413B-A132-0CDF738E5E0D} = {B88BF59D-97DF-4E64-B1C0-5CFDA013A1A2}
		{21FC64AB-CDB3-4C23-89F4-A6AF8A247BBF} = {4FAD6FE8-690D-458D-81F7-471C11FA038B}
		{4C794ACD-1BA8-42E1-95F9-F531E7D32626} = {A7C82F25-C746-4790-A99F-06028A5D3F63}
		{7AF55B89-0877-4450-ABB2-916AA1F8C2CC} = {EFA8DE1F-9011-4DC4-8B22-EC094F86E94B}
	EndGlobalSection
	GlobalSection(ExtensibilityGlobals) = postSolution
		SolutionGuid = {B4240952-A037-4DB0-9154-88F5A71A97E1}
	EndGlobalSection
EndGlobal
